
Microsoft Visual Studio Solution File, Format Version 12.00
# Visual Studio Version 16
VisualStudioVersion = 16.0.29613.14
MinimumVisualStudioVersion = 10.0.40219.1
Project("{FAE04EC0-301F-11D3-BF4B-00C04F79EFBC}") = "lab4", "lab4.csproj", "{69E4C56B-4030-47C9-962A-E646D550D3BB}"
EndProject
Global
	GlobalSection(SolutionConfigurationPlatforms) = preSolution
		Debug|Any CPU = Debug|Any CPU
		Release|Any CPU = Release|Any CPU
	EndGlobalSection
	GlobalSection(ProjectConfigurationPlatforms) = postSolution
		{69E4C56B-4030-47C9-962A-E646D550D3BB}.Debug|Any CPU.ActiveCfg = Debug|Any CPU
		{69E4C56B-4030-47C9-962A-E646D550D3BB}.Debug|Any CPU.Build.0 = Debug|Any CPU
		{69E4C56B-4030-47C9-962A-E646D550D3BB}.Release|Any CPU.ActiveCfg = Release|Any CPU
		{69E4C56B-4030-47C9-962A-E646D550D3BB}.Release|Any CPU.Build.0 = Release|Any CPU
	EndGlobalSection
	GlobalSection(SolutionProperties) = preSolution
		HideSolutionNode = FALSE
	EndGlobalSection
	GlobalSection(ExtensibilityGlobals) = postSolution
		SolutionGuid = {C0EB6891-A890-409B-A601-A249BB824ABD}
	EndGlobalSection
EndGlobal
